
Microsoft Visual Studio Solution File, Format Version 12.00
# Visual Studio Version 16
VisualStudioVersion = 16.0.30002.166
MinimumVisualStudioVersion = 10.0.40219.1
Project("{FAE04EC0-301F-11D3-BF4B-00C04F79EFBC}") = "ZRazorEngine.NetCore", "ZRazorEngine.NetCore\ZRazorEngine.NetCore.csproj", "{8391BDA6-9C48-4662-9644-9568F07237F0}"
EndProject
Global
	GlobalSection(SolutionConfigurationPlatforms) = preSolution
		Debug|Any CPU = Debug|Any CPU
		Release|Any CPU = Release|Any CPU
	EndGlobalSection
	GlobalSection(ProjectConfigurationPlatforms) = postSolution
		{8391BDA6-9C48-4662-9644-9568F07237F0}.Debug|Any CPU.ActiveCfg = Debug|Any CPU
		{8391BDA6-9C48-4662-9644-9568F07237F0}.Debug|Any CPU.Build.0 = Debug|Any CPU
		{8391BDA6-9C48-4662-9644-9568F07237F0}.Release|Any CPU.ActiveCfg = Release|Any CPU
		{8391BDA6-9C48-4662-9644-9568F07237F0}.Release|Any CPU.Build.0 = Release|Any CPU
	EndGlobalSection
	GlobalSection(SolutionProperties) = preSolution
		HideSolutionNode = FALSE
	EndGlobalSection
	GlobalSection(ExtensibilityGlobals) = postSolution
		SolutionGuid = {30EE7569-5D14-407E-A1C3-ABD2EA7D27DC}
	EndGlobalSection
EndGlobal
